
Microsoft Visual Studio Solution File, Format Version 12.00
# Visual Studio Version 17
VisualStudioVersion = 17.11.35222.181
MinimumVisualStudioVersion = 10.0.40219.1
Project("{2150E333-8FDC-42A3-9474-1A3956D46DE8}") = "Task0", "Task0", "{FAD30B84-6664-4BDC-931B-C31CF7D277AF}"
EndProject
Project("{FAE04EC0-301F-11D3-BF4B-00C04F79EFBC}") = "Tyuiu.TyazhovLA.Sprint1.Task0.V29", "Tyuiu.TyazhovLA.Sprint1.Task0.V29\Tyuiu.TyazhovLA.Sprint1.Task0.V29.csproj", "{F49DE1AB-E3BA-4DB9-A7DB-74F6A690630E}"
EndProject
Project("{FAE04EC0-301F-11D3-BF4B-00C04F79EFBC}") = "Tyuiu.TyazhovLA.Sprint1.Task0.V29.Lib", "Tyuiu.TyazhovLA.Sprint1.Task0.V29.Lib\Tyuiu.TyazhovLA.Sprint1.Task0.V29.Lib.csproj", "{E2254146-3799-4ACE-9DB3-960DF2EF2965}"
EndProject
Project("{FAE04EC0-301F-11D3-BF4B-00C04F79EFBC}") = "Tyuiu.TyazhovLA.Sprint1.Task0.V29.Test", "Tyuiu.TyazhovLA.Sprint1.Task0.V29.Test\Tyuiu.TyazhovLA.Sprint1.Task0.V29.Test.csproj", "{F5FE9D3B-E0E7-44A9-9DDE-DEDE7D4A8A53}"
EndProject
Project("{2150E333-8FDC-42A3-9474-1A3956D46DE8}") = "Task1", "Task1", "{C85C3DC8-B0D5-4138-A0E9-F6E5AEE6A93B}"
EndProject
Project("{FAE04EC0-301F-11D3-BF4B-00C04F79EFBC}") = "Tyuiu.TyazhovLA.Sprint1.Task1.V29", "Tyuiu.TyazhovLA.Sprint1.Task1.V29\Tyuiu.TyazhovLA.Sprint1.Task1.V29.csproj", "{ED01FA4D-9496-4F7C-AE34-54B175A8B9B2}"
EndProject
Project("{FAE04EC0-301F-11D3-BF4B-00C04F79EFBC}") = "Tyuiu.TyazhovLA.Sprint1.Task1.V29.Lib", "Tyuiu.TyazhovLA.Sprint1.Task1.V29.Lib\Tyuiu.TyazhovLA.Sprint1.Task1.V29.Lib.csproj", "{2D69F7DA-2230-477B-9329-BA3BE7873266}"
EndProject
Project("{FAE04EC0-301F-11D3-BF4B-00C04F79EFBC}") = "Tyuiu.TyazhovLA.Sprint1.Task1.V29.Test", "Tyuiu.TyazhovLA.Sprint1.Task1.V29.Test\Tyuiu.TyazhovLA.Sprint1.Task1.V29.Test.csproj", "{50B24C37-FD65-4842-B9E8-4C5FDB5C3633}"
EndProject
Project("{2150E333-8FDC-42A3-9474-1A3956D46DE8}") = "Task2", "Task2", "{7D8D3BB9-6E77-4BB4-9986-72BCCE3E132C}"
EndProject
Project("{FAE04EC0-301F-11D3-BF4B-00C04F79EFBC}") = "Tyuiu.TyazhovLA.Sprint1.Task2.V11", "Tyuiu.TyazhovLA.Sprint1.Task2.V11\Tyuiu.TyazhovLA.Sprint1.Task2.V11.csproj", "{3EECB06F-1DFB-495C-97E7-82E9ECBB2D35}"
EndProject
Project("{FAE04EC0-301F-11D3-BF4B-00C04F79EFBC}") = "Tyuiu.TyazhovLA.Sprint1.Task2.V11.Lib", "Tyuiu.TyazhovLA.Sprint1.Task2.V11.Lib\Tyuiu.TyazhovLA.Sprint1.Task2.V11.Lib.csproj", "{71EE2083-FBC1-486C-89F3-8203693A18AC}"
EndProject
Project("{FAE04EC0-301F-11D3-BF4B-00C04F79EFBC}") = "Tyuiu.TyazhovLA.Sprint1.Task2.V11.Test", "Tyuiu.TyazhovLA.Sprint1.Task2.V11.Test\Tyuiu.TyazhovLA.Sprint1.Task2.V11.Test.csproj", "{8A304E3E-FD06-4861-A2F8-92C735090CAF}"
EndProject
Project("{2150E333-8FDC-42A3-9474-1A3956D46DE8}") = "Task3", "Task3", "{022EE7B5-810A-41E6-BBE1-4CAA5E6F36E5}"
EndProject
Project("{FAE04EC0-301F-11D3-BF4B-00C04F79EFBC}") = "Tyuiu.TyazhovLA.Sprint1.Task3.V18", "Tyuiu.TyazhovLA.Sprint1.Task3.V18\Tyuiu.TyazhovLA.Sprint1.Task3.V18.csproj", "{0152336C-4188-4255-9B61-6A3944DD371D}"
EndProject
Project("{FAE04EC0-301F-11D3-BF4B-00C04F79EFBC}") = "Tyuiu.TyazhovLA.Sprint1.Task3.V18.Lib", "Tyuiu.TyazhovLA.Sprint1.Task3.V18.Lib\Tyuiu.TyazhovLA.Sprint1.Task3.V18.Lib.csproj", "{8C4391BC-4656-402C-810C-E11DD3EB5545}"
EndProject
Project("{FAE04EC0-301F-11D3-BF4B-00C04F79EFBC}") = "Tyuiu.TyazhovLA.Sprint1.Task3.V18.Test", "Tyuiu.TyazhovLA.Sprint1.Task3.V18.Test\Tyuiu.TyazhovLA.Sprint1.Task3.V18.Test.csproj", "{3D0B05FD-CF3D-4FEF-8B4D-19079EF9DBE1}"
EndProject
Global
	GlobalSection(SolutionConfigurationPlatforms) = preSolution
		Debug|Any CPU = Debug|Any CPU
		Release|Any CPU = Release|Any CPU
	EndGlobalSection
	GlobalSection(ProjectConfigurationPlatforms) = postSolution
		{F49DE1AB-E3BA-4DB9-A7DB-74F6A690630E}.Debug|Any CPU.ActiveCfg = Debug|Any CPU
		{F49DE1AB-E3BA-4DB9-A7DB-74F6A690630E}.Debug|Any CPU.Build.0 = Debug|Any CPU
		{F49DE1AB-E3BA-4DB9-A7DB-74F6A690630E}.Release|Any CPU.ActiveCfg = Release|Any CPU
		{F49DE1AB-E3BA-4DB9-A7DB-74F6A690630E}.Release|Any CPU.Build.0 = Release|Any CPU
		{E2254146-3799-4ACE-9DB3-960DF2EF2965}.Debug|Any CPU.ActiveCfg = Debug|Any CPU
		{E2254146-3799-4ACE-9DB3-960DF2EF2965}.Debug|Any CPU.Build.0 = Debug|Any CPU
		{E2254146-3799-4ACE-9DB3-960DF2EF2965}.Release|Any CPU.ActiveCfg = Release|Any CPU
		{E2254146-3799-4ACE-9DB3-960DF2EF2965}.Release|Any CPU.Build.0 = Release|Any CPU
		{F5FE9D3B-E0E7-44A9-9DDE-DEDE7D4A8A53}.Debug|Any CPU.ActiveCfg = Debug|Any CPU
		{F5FE9D3B-E0E7-44A9-9DDE-DEDE7D4A8A53}.Debug|Any CPU.Build.0 = Debug|Any CPU
		{F5FE9D3B-E0E7-44A9-9DDE-DEDE7D4A8A53}.Release|Any CPU.ActiveCfg = Release|Any CPU
		{F5FE9D3B-E0E7-44A9-9DDE-DEDE7D4A8A53}.Release|Any CPU.Build.0 = Release|Any CPU
		{ED01FA4D-9496-4F7C-AE34-54B175A8B9B2}.Debug|Any CPU.ActiveCfg = Debug|Any CPU
		{ED01FA4D-9496-4F7C-AE34-54B175A8B9B2}.Debug|Any CPU.Build.0 = Debug|Any CPU
		{ED01FA4D-9496-4F7C-AE34-54B175A8B9B2}.Release|Any CPU.ActiveCfg = Release|Any CPU
		{ED01FA4D-9496-4F7C-AE34-54B175A8B9B2}.Release|Any CPU.Build.0 = Release|Any CPU
		{2D69F7DA-2230-477B-9329-BA3BE7873266}.Debug|Any CPU.ActiveCfg = Debug|Any CPU
		{2D69F7DA-2230-477B-9329-BA3BE7873266}.Debug|Any CPU.Build.0 = Debug|Any CPU
		{2D69F7DA-2230-477B-9329-BA3BE7873266}.Release|Any CPU.ActiveCfg = Release|Any CPU
		{2D69F7DA-2230-477B-9329-BA3BE7873266}.Release|Any CPU.Build.0 = Release|Any CPU
		{50B24C37-FD65-4842-B9E8-4C5FDB5C3633}.Debug|Any CPU.ActiveCfg = Debug|Any CPU
		{50B24C37-FD65-4842-B9E8-4C5FDB5C3633}.Debug|Any CPU.Build.0 = Debug|Any CPU
		{50B24C37-FD65-4842-B9E8-4C5FDB5C3633}.Release|Any CPU.ActiveCfg = Release|Any CPU
		{50B24C37-FD65-4842-B9E8-4C5FDB5C3633}.Release|Any CPU.Build.0 = Release|Any CPU
		{3EECB06F-1DFB-495C-97E7-82E9ECBB2D35}.Debug|Any CPU.ActiveCfg = Debug|Any CPU
		{3EECB06F-1DFB-495C-97E7-82E9ECBB2D35}.Debug|Any CPU.Build.0 = Debug|Any CPU
		{3EECB06F-1DFB-495C-97E7-82E9ECBB2D35}.Release|Any CPU.ActiveCfg = Release|Any CPU
		{3EECB06F-1DFB-495C-97E7-82E9ECBB2D35}.Release|Any CPU.Build.0 = Release|Any CPU
		{71EE2083-FBC1-486C-89F3-8203693A18AC}.Debug|Any CPU.ActiveCfg = Debug|Any CPU
		{71EE2083-FBC1-486C-89F3-8203693A18AC}.Debug|Any CPU.Build.0 = Debug|Any CPU
		{71EE2083-FBC1-486C-89F3-8203693A18AC}.Release|Any CPU.ActiveCfg = Release|Any CPU
		{71EE2083-FBC1-486C-89F3-8203693A18AC}.Release|Any CPU.Build.0 = Release|Any CPU
		{8A304E3E-FD06-4861-A2F8-92C735090CAF}.Debug|Any CPU.ActiveCfg = Debug|Any CPU
		{8A304E3E-FD06-4861-A2F8-92C735090CAF}.Debug|Any CPU.Build.0 = Debug|Any CPU
		{8A304E3E-FD06-4861-A2F8-92C735090CAF}.Release|Any CPU.ActiveCfg = Release|Any CPU
		{8A304E3E-FD06-4861-A2F8-92C735090CAF}.Release|Any CPU.Build.0 = Release|Any CPU
		{0152336C-4188-4255-9B61-6A3944DD371D}.Debug|Any CPU.ActiveCfg = Debug|Any CPU
		{0152336C-4188-4255-9B61-6A3944DD371D}.Debug|Any CPU.Build.0 = Debug|Any CPU
		{0152336C-4188-4255-9B61-6A3944DD371D}.Release|Any CPU.ActiveCfg = Release|Any CPU
		{0152336C-4188-4255-9B61-6A3944DD371D}.Release|Any CPU.Build.0 = Release|Any CPU
		{8C4391BC-4656-402C-810C-E11DD3EB5545}.Debug|Any CPU.ActiveCfg = Debug|Any CPU
		{8C4391BC-4656-402C-810C-E11DD3EB5545}.Debug|Any CPU.Build.0 = Debug|Any CPU
		{8C4391BC-4656-402C-810C-E11DD3EB5545}.Release|Any CPU.ActiveCfg = Release|Any CPU
		{8C4391BC-4656-402C-810C-E11DD3EB5545}.Release|Any CPU.Build.0 = Release|Any CPU
		{3D0B05FD-CF3D-4FEF-8B4D-19079EF9DBE1}.Debug|Any CPU.ActiveCfg = Debug|Any CPU
		{3D0B05FD-CF3D-4FEF-8B4D-19079EF9DBE1}.Debug|Any CPU.Build.0 = Debug|Any CPU
		{3D0B05FD-CF3D-4FEF-8B4D-19079EF9DBE1}.Release|Any CPU.ActiveCfg = Release|Any CPU
		{3D0B05FD-CF3D-4FEF-8B4D-19079EF9DBE1}.Release|Any CPU.Build.0 = Release|Any CPU
	EndGlobalSection
	GlobalSection(SolutionProperties) = preSolution
		HideSolutionNode = FALSE
	EndGlobalSection
	GlobalSection(NestedProjects) = preSolution
		{F49DE1AB-E3BA-4DB9-A7DB-74F6A690630E} = {FAD30B84-6664-4BDC-931B-C31CF7D277AF}
		{E2254146-3799-4ACE-9DB3-960DF2EF2965} = {FAD30B84-6664-4BDC-931B-C31CF7D277AF}
		{F5FE9D3B-E0E7-44A9-9DDE-DEDE7D4A8A53} = {FAD30B84-6664-4BDC-931B-C31CF7D277AF}
		{ED01FA4D-9496-4F7C-AE34-54B175A8B9B2} = {C85C3DC8-B0D5-4138-A0E9-F6E5AEE6A93B}
		{2D69F7DA-2230-477B-9329-BA3BE7873266} = {C85C3DC8-B0D5-4138-A0E9-F6E5AEE6A93B}
		{50B24C37-FD65-4842-B9E8-4C5FDB5C3633} = {C85C3DC8-B0D5-4138-A0E9-F6E5AEE6A93B}
		{3EECB06F-1DFB-495C-97E7-82E9ECBB2D35} = {7D8D3BB9-6E77-4BB4-9986-72BCCE3E132C}
		{71EE2083-FBC1-486C-89F3-8203693A18AC} = {7D8D3BB9-6E77-4BB4-9986-72BCCE3E132C}
		{8A304E3E-FD06-4861-A2F8-92C735090CAF} = {7D8D3BB9-6E77-4BB4-9986-72BCCE3E132C}
		{0152336C-4188-4255-9B61-6A3944DD371D} = {022EE7B5-810A-41E6-BBE1-4CAA5E6F36E5}
		{8C4391BC-4656-402C-810C-E11DD3EB5545} = {022EE7B5-810A-41E6-BBE1-4CAA5E6F36E5}
		{3D0B05FD-CF3D-4FEF-8B4D-19079EF9DBE1} = {022EE7B5-810A-41E6-BBE1-4CAA5E6F36E5}
	EndGlobalSection
	GlobalSection(ExtensibilityGlobals) = postSolution
		SolutionGuid = {B44E0A5D-AB5E-4786-86CB-D89CA2F07370}
	EndGlobalSection
EndGlobal
